
Microsoft Visual Studio Solution File, Format Version 12.00
# Visual Studio Version 16
VisualStudioVersion = 16.0.29613.14
MinimumVisualStudioVersion = 10.0.40219.1
Project("{FAE04EC0-301F-11D3-BF4B-00C04F79EFBC}") = "Samples.WCF.Services", "Samples.WCF.Services\Samples.WCF.Services.csproj", "{2A4E2784-726E-44EE-A971-ADB58FC0B787}"
EndProject
Global
	GlobalSection(SolutionConfigurationPlatforms) = preSolution
		Debug|Any CPU = Debug|Any CPU
		Release|Any CPU = Release|Any CPU
	EndGlobalSection
	GlobalSection(ProjectConfigurationPlatforms) = postSolution
		{2A4E2784-726E-44EE-A971-ADB58FC0B787}.Debug|Any CPU.ActiveCfg = Debug|Any CPU
		{2A4E2784-726E-44EE-A971-ADB58FC0B787}.Debug|Any CPU.Build.0 = Debug|Any CPU
		{2A4E2784-726E-44EE-A971-ADB58FC0B787}.Release|Any CPU.ActiveCfg = Release|Any CPU
		{2A4E2784-726E-44EE-A971-ADB58FC0B787}.Release|Any CPU.Build.0 = Release|Any CPU
	EndGlobalSection
	GlobalSection(SolutionProperties) = preSolution
		HideSolutionNode = FALSE
	EndGlobalSection
	GlobalSection(ExtensibilityGlobals) = postSolution
		SolutionGuid = {FFC6D958-20C2-4D94-858F-C8008FD37846}
	EndGlobalSection
EndGlobal
